// !$*UTF8*$!
{
	archiveVersion = 1;
	classes = {
	};
	objectVersion = 50;
	objects = {

/* Begin PBXBuildFile section */
		E455FC002668CCF100759D66 /* AppDelegate.swift in Sources */ = {isa = PBXBuildFile; fileRef = E455FBFF2668CCF100759D66 /* AppDelegate.swift */; };
		E455FC022668CCF100759D66 /* SceneDelegate.swift in Sources */ = {isa = PBXBuildFile; fileRef = E455FC012668CCF100759D66 /* SceneDelegate.swift */; };
		E455FC062668CCF700759D66 /* Assets.xcassets in Resources */ = {isa = PBXBuildFile; fileRef = E455FC052668CCF700759D66 /* Assets.xcassets */; };
		E455FC092668CCF700759D66 /* Preview Assets.xcassets in Resources */ = {isa = PBXBuildFile; fileRef = E455FC082668CCF700759D66 /* Preview Assets.xcassets */; };
		E455FC0C2668CCF700759D66 /* LaunchScreen.storyboard in Resources */ = {isa = PBXBuildFile; fileRef = E455FC0A2668CCF700759D66 /* LaunchScreen.storyboard */; };
		E455FC142668CD3600759D66 /* ContentView.swift in Sources */ = {isa = PBXBuildFile; fileRef = E455FC132668CD3600759D66 /* ContentView.swift */; };
		E455FC162668CD4A00759D66 /* EmojiMemoryGame.swift in Sources */ = {isa = PBXBuildFile; fileRef = E455FC152668CD4A00759D66 /* EmojiMemoryGame.swift */; };
		E455FC182668CD5700759D66 /* memoryGame.swift in Sources */ = {isa = PBXBuildFile; fileRef = E455FC172668CD5700759D66 /* memoryGame.swift */; };
/* End PBXBuildFile section */

/* Begin PBXFileReference section */
		E455FBFC2668CCF100759D66 /* MemorizeDemo.app */ = {isa = PBXFileReference; explicitFileType = wrapper.application; includeInIndex = 0; path = MemorizeDemo.app; sourceTree = BUILT_PRODUCTS_DIR; };
		E455FBFF2668CCF100759D66 /* AppDelegate.swift */ = {isa = PBXFileReference; lastKnownFileType = sourcecode.swift; path = AppDelegate.swift; sourceTree = "<group>"; };
		E455FC012668CCF100759D66 /* SceneDelegate.swift */ = {isa = PBXFileReference; lastKnownFileType = sourcecode.swift; path = SceneDelegate.swift; sourceTree = "<group>"; };
		E455FC052668CCF700759D66 /* Assets.xcassets */ = {isa = PBXFileReference; lastKnownFileType = folder.assetcatalog; path = Assets.xcassets; sourceTree = "<group>"; };
		E455FC082668CCF700759D66 /* Preview Assets.xcassets */ = {isa = PBXFileReference; lastKnownFileType = folder.assetcatalog; path = "Preview Assets.xcassets"; sourceTree = "<group>"; };
		E455FC0B2668CCF700759D66 /* Base */ = {isa = PBXFileReference; lastKnownFileType = file.storyboard; name = Base; path = Base.lproj/LaunchScreen.storyboard; sourceTree = "<group>"; };
		E455FC0D2668CCF700759D66 /* Info.plist */ = {isa = PBXFileReference; lastKnownFileType = text.plist.xml; path = Info.plist; sourceTree = "<group>"; };
		E455FC132668CD3600759D66 /* ContentView.swift */ = {isa = PBXFileReference; fileEncoding = 4; lastKnownFileType = sourcecode.swift; path = ContentView.swift; sourceTree = "<group>"; };
		E455FC152668CD4A00759D66 /* EmojiMemoryGame.swift */ = {isa = PBXFileReference; fileEncoding = 4; lastKnownFileType = sourcecode.swift; path = EmojiMemoryGame.swift; sourceTree = "<group>"; };
		E455FC172668CD5700759D66 /* memoryGame.swift */ = {isa = PBXFileReference; fileEncoding = 4; lastKnownFileType = sourcecode.swift; path = memoryGame.swift; sourceTree = "<group>"; };
/* End PBXFileReference section */

/* Begin PBXFrameworksBuildPhase section */
		E455FBF92668CCF100759D66 /* Frameworks */ = {
			isa = PBXFrameworksBuildPhase;
			buildActionMask = 2147483647;
			files = (
			);
			runOnlyForDeploymentPostprocessing = 0;
		};
/* End PBXFrameworksBuildPhase section */

/* Begin PBXGroup section */
		E455FBF32668CCF100759D66 = {
			isa = PBXGroup;
			children = (
				E455FBFE2668CCF100759D66 /* MemorizeDemo */,
				E455FBFD2668CCF100759D66 /* Products */,
			);
			sourceTree = "<group>";
		};
		E455FBFD2668CCF100759D66 /* Products */ = {
			isa = PBXGroup;
			children = (
				E455FBFC2668CCF100759D66 /* MemorizeDemo.app */,
			);
			name = Products;
			sourceTree = "<group>";
		};
		E455FBFE2668CCF100759D66 /* MemorizeDemo */ = {
			isa = PBXGroup;
			children = (
				E455FBFF2668CCF100759D66 /* AppDelegate.swift */,
				E455FC012668CCF100759D66 /* SceneDelegate.swift */,
				E455FC052668CCF700759D66 /* Assets.xcassets */,
				E455FC132668CD3600759D66 /* ContentView.swift */,
				E455FC152668CD4A00759D66 /* EmojiMemoryGame.swift */,
				E455FC172668CD5700759D66 /* memoryGame.swift */,
				E455FC0A2668CCF700759D66 /* LaunchScreen.storyboard */,
				E455FC0D2668CCF700759D66 /* Info.plist */,
				E455FC072668CCF700759D66 /* Preview Content */,
			);
			path = MemorizeDemo;
			sourceTree = "<group>";
		};
		E455FC072668CCF700759D66 /* Preview Content */ = {
			isa = PBXGroup;
			children = (
				E455FC082668CCF700759D66 /* Preview Assets.xcassets */,
			);
			path = "Preview Content";
			sourceTree = "<group>";
		};
/* End PBXGroup section */

/* Begin PBXNativeTarget section */
		E455FBFB2668CCF100759D66 /* MemorizeDemo */ = {
			isa = PBXNativeTarget;
			buildConfigurationList = E455FC102668CCF700759D66 /* Build configuration list for PBXNativeTarget "MemorizeDemo" */;
			buildPhases = (
				E455FBF82668CCF100759D66 /* Sources */,
				E455FBF92668CCF100759D66 /* Frameworks */,
				E455FBFA2668CCF100759D66 /* Resources */,
			);
			buildRules = (
			);
			dependencies = (
			);
			name = MemorizeDemo;
			productName = MemorizeDemo;
			productReference = E455FBFC2668CCF100759D66 /* MemorizeDemo.app */;
			productType = "com.apple.product-type.application";
		};
/* End PBXNativeTarget section */

/* Begin PBXProject section */
		E455FBF42668CCF100759D66 /* Project object */ = {
			isa = PBXProject;
			attributes = {
				LastSwiftUpdateCheck = 1250;
				LastUpgradeCheck = 1250;
				TargetAttributes = {
					E455FBFB2668CCF100759D66 = {
						CreatedOnToolsVersion = 12.5;
					};
				};
			};
			buildConfigurationList = E455FBF72668CCF100759D66 /* Build configuration list for PBXProject "MemorizeDemo" */;
			compatibilityVersion = "Xcode 9.3";
			developmentRegion = en;
			hasScannedForEncodings = 0;
			knownRegions = (
				en,
				Base,
			);
			mainGroup = E455FBF32668CCF100759D66;
			productRefGroup = E455FBFD2668CCF100759D66 /* Products */;
			projectDirPath = "";
			projectRoot = "";
			targets = (
				E455FBFB2668CCF100759D66 /* MemorizeDemo */,
			);
		};
/* End PBXProject section */

/* Begin PBXResourcesBuildPhase section */
		E455FBFA2668CCF100759D66 /* Resources */ = {
			isa = PBXResourcesBuildPhase;
			buildActionMask = 2147483647;
			files = (
				E455FC0C2668CCF700759D66 /* LaunchScreen.storyboard in Resources */,
				E455FC092668CCF700759D66 /* Preview Assets.xcassets in Resources */,
				E455FC062668CCF700759D66 /* Assets.xcassets in Resources */,
			);
			runOnlyForDeploymentPostprocessing = 0;
		};
/* End PBXResourcesBuildPhase section */

/* Begin PBXSourcesBuildPhase section */
		E455FBF82668CCF100759D66 /* Sources */ = {
			isa = PBXSourcesBuildPhase;
			buildActionMask = 2147483647;
			files = (
				E455FC002668CCF100759D66 /* AppDelegate.swift in Sources */,
				E455FC022668CCF100759D66 /* SceneDelegate.swift in Sources */,
				E455FC142668CD3600759D66 /* ContentView.swift in Sources */,
				E455FC182668CD5700759D66 /* memoryGame.swift in Sources */,
				E455FC162668CD4A00759D66 /* EmojiMemoryGame.swift in Sources */,
			);
			runOnlyForDeploymentPostprocessing = 0;
		};
/* End PBXSourcesBuildPhase section */

/* Begin PBXVariantGroup section */
		E455FC0A2668CCF700759D66 /* LaunchScreen.storyboard */ = {
			isa = PBXVariantGroup;
			children = (
				E455FC0B2668CCF700759D66 /* Base */,
			);
			name = LaunchScreen.storyboard;
			sourceTree = "<group>";
		};
/* End PBXVariantGroup section */

/* Begin XCBuildConfiguration section */
		E455FC0E2668CCF700759D66 /* Debug */ = {
			isa = XCBuildConfiguration;
			buildSettings = {
				ALWAYS_SEARCH_USER_PATHS = NO;
				CLANG_ANALYZER_NONNULL = YES;
				CLANG_ANALYZER_NUMBER_OBJECT_CONVERSION = YES_AGGRESSIVE;
				CLANG_CXX_LANGUAGE_STANDARD = "gnu++14";
				CLANG_CXX_LIBRARY = "libc++";
				CLANG_ENABLE_MODULES = YES;
				CLANG_ENABLE_OBJC_ARC = YES;
				CLANG_ENABLE_OBJC_WEAK = YES;
				CLANG_WARN_BLOCK_CAPTURE_AUTORELEASING = YES;
				CLANG_WARN_BOOL_CONVERSION = YES;
				CLANG_WARN_COMMA = YES;
				CLANG_WARN_CONSTANT_CONVERSION = YES;
				CLANG_WARN_DEPRECATED_OBJC_IMPLEMENTATIONS = YES;
				CLANG_WARN_DIRECT_OBJC_ISA_USAGE = YES_ERROR;
				CLANG_WARN_DOCUMENTATION_COMMENTS = YES;
				CLANG_WARN_EMPTY_BODY = YES;
				CLANG_WARN_ENUM_CONVERSION = YES;
				CLANG_WARN_INFINITE_RECURSION = YES;
				CLANG_WARN_INT_CONVERSION = YES;
				CLANG_WARN_NON_LITERAL_NULL_CONVERSION = YES;
				CLANG_WARN_OBJC_IMPLICIT_RETAIN_SELF = YES;
				CLANG_WARN_OBJC_LITERAL_CONVERSION = YES;
				CLANG_WARN_OBJC_ROOT_CLASS = YES_ERROR;
				CLANG_WARN_QUOTED_INCLUDE_IN_FRAMEWORK_HEADER = YES;
				CLANG_WARN_RANGE_LOOP_ANALYSIS = YES;
				CLANG_WARN_STRICT_PROTOTYPES = YES;
				CLANG_WARN_SUSPICIOUS_MOVE = YES;
				CLANG_WARN_UNGUARDED_AVAILABILITY = YES_AGGRESSIVE;
				CLANG_WARN_UNREACHABLE_CODE = YES;
				CLANG_WARN__DUPLICATE_METHOD_MATCH = YES;
				COPY_PHASE_STRIP = NO;
				DEBUG_INFORMATION_FORMAT = dwarf;
				ENABLE_STRICT_OBJC_MSGSEND = YES;
				ENABLE_TESTABILITY = YES;
				GCC_C_LANGUAGE_STANDARD = gnu11;
				GCC_DYNAMIC_NO_PIC = NO;
				GCC_NO_COMMON_BLOCKS = YES;
				GCC_OPTIMIZATION_LEVEL = 0;
				GCC_PREPROCESSOR_DEFINITIONS = (
					"DEBUG=1",
					"$(inherited)",
				);
				GCC_WARN_64_TO_32_BIT_CONVERSION = YES;
				GCC_WARN_ABOUT_RETURN_TYPE = YES_ERROR;
				GCC_WARN_UNDECLARED_SELECTOR = YES;
				GCC_WARN_UNINITIALIZED_AUTOS = YES_AGGRESSIVE;
				GCC_WARN_UNUSED_FUNCTION = YES;
				GCC_WARN_UNUSED_VARIABLE = YES;
				IPHONEOS_DEPLOYMENT_TARGET = 14.5;
				MTL_ENABLE_DEBUG_INFO = INCLUDE_SOURCE;
				MTL_FAST_MATH = YES;
				ONLY_ACTIVE_ARCH = YES;
				SDKROOT = iphoneos;
				SWIFT_ACTIVE_COMPILATION_CONDITIONS = DEBUG;
				SWIFT_OPTIMIZATION_LEVEL = "-Onone";
			};
			name = Debug;
		};
		E455FC0F2668CCF700759D66 /* Release */ = {
			isa = XCBuildConfiguration;
			buildSettings = {
				ALWAYS_SEARCH_USER_PATHS = NO;
				CLANG_ANALYZER_NONNULL = YES;
				CLANG_ANALYZER_NUMBER_OBJECT_CONVERSION = YES_AGGRESSIVE;
				CLANG_CXX_LANGUAGE_STANDARD = "gnu++14";
				CLANG_CXX_LIBRARY = "libc++";
				CLANG_ENABLE_MODULES = YES;
				CLANG_ENABLE_OBJC_ARC = YES;
				CLANG_ENABLE_OBJC_WEAK = YES;
				CLANG_WARN_BLOCK_CAPTURE_AUTORELEASING = YES;
				CLANG_WARN_BOOL_CONVERSION = YES;
				CLANG_WARN_COMMA = YES;
				CLANG_WARN_CONSTANT_CONVERSION = YES;
				CLANG_WARN_DEPRECATED_OBJC_IMPLEMENTATIONS = YES;
				CLANG_WARN_DIRECT_OBJC_ISA_USAGE = YES_ERROR;
				CLANG_WARN_DOCUMENTATION_COMMENTS = YES;
				CLANG_WARN_EMPTY_BODY = YES;
				CLANG_WARN_ENUM_CONVERSION = YES;
				CLANG_WARN_INFINITE_RECURSION = YES;
				CLANG_WARN_INT_CONVERSION = YES;
				CLANG_WARN_NON_LITERAL_NULL_CONVERSION = YES;
				CLANG_WARN_OBJC_IMPLICIT_RETAIN_SELF = YES;
				CLANG_WARN_OBJC_LITERAL_CONVERSION = YES;
				CLANG_WARN_OBJC_ROOT_CLASS = YES_ERROR;
				CLANG_WARN_QUOTED_INCLUDE_IN_FRAMEWORK_HEADER = YES;
				CLANG_WARN_RANGE_LOOP_ANALYSIS = YES;
				CLANG_WARN_STRICT_PROTOTYPES = YES;
				CLANG_WARN_SUSPICIOUS_MOVE = YES;
				CLANG_WARN_UNGUARDED_AVAILABILITY = YES_AGGRESSIVE;
				CLANG_WARN_UNREACHABLE_CODE = YES;
				CLANG_WARN__DUPLICATE_METHOD_MATCH = YES;
				COPY_PHASE_STRIP = NO;
				DEBUG_INFORMATION_FORMAT = "dwarf-with-dsym";
				ENABLE_NS_ASSERTIONS = NO;
				ENABLE_STRICT_OBJC_MSGSEND = YES;
				GCC_C_LANGUAGE_STANDARD = gnu11;
				GCC_NO_COMMON_BLOCKS = YES;
				GCC_WARN_64_TO_32_BIT_CONVERSION = YES;
				GCC_WARN_ABOUT_RETURN_TYPE = YES_ERROR;
				GCC_WARN_UNDECLARED_SELECTOR = YES;
				GCC_WARN_UNINITIALIZED_AUTOS = YES_AGGRESSIVE;
				GCC_WARN_UNUSED_FUNCTION = YES;
				GCC_WARN_UNUSED_VARIABLE = YES;
				IPHONEOS_DEPLOYMENT_TARGET = 14.5;
				MTL_ENABLE_DEBUG_INFO = NO;
				MTL_FAST_MATH = YES;
				SDKROOT = iphoneos;
				SWIFT_COMPILATION_MODE = wholemodule;
				SWIFT_OPTIMIZATION_LEVEL = "-O";
				VALIDATE_PRODUCT = YES;
			};
			name = Release;
		};
		E455FC112668CCF700759D66 /* Debug */ = {
			isa = XCBuildConfiguration;
			buildSettings = {
				ASSETCATALOG_COMPILER_APPICON_NAME = AppIcon;
				ASSETCATALOG_COMPILER_GLOBAL_ACCENT_COLOR_NAME = AccentColor;
				CODE_SIGN_STYLE = Automatic;
				DEVELOPMENT_ASSET_PATHS = "\"MemorizeDemo/Preview Content\"";
				ENABLE_PREVIEWS = YES;
				INFOPLIST_FILE = MemorizeDemo/Info.plist;
				LD_RUNPATH_SEARCH_PATHS = (
					"$(inherited)",
					"@executable_path/Frameworks",
				);
				PRODUCT_BUNDLE_IDENTIFIER = BrightNetworkTraining.MemorizeDemo;
				PRODUCT_NAME = "$(TARGET_NAME)";
				SWIFT_VERSION = 5.0;
				TARGETED_DEVICE_FAMILY = "1,2";
			};
			name = Debug;
		};
		E455FC122668CCF700759D66 /* Release */ = {
			isa = XCBuildConfiguration;
			buildSettings = {
				ASSETCATALOG_COMPILER_APPICON_NAME = AppIcon;
				ASSETCATALOG_COMPILER_GLOBAL_ACCENT_COLOR_NAME = AccentColor;
				CODE_SIGN_STYLE = Automatic;
				DEVELOPMENT_ASSET_PATHS = "\"MemorizeDemo/Preview Content\"";
				ENABLE_PREVIEWS = YES;
				INFOPLIST_FILE = MemorizeDemo/Info.plist;
				LD_RUNPATH_SEARCH_PATHS = (
					"$(inherited)",
					"@executable_path/Frameworks",
				);
				PRODUCT_BUNDLE_IDENTIFIER = BrightNetworkTraining.MemorizeDemo;
				PRODUCT_NAME = "$(TARGET_NAME)";
				SWIFT_VERSION = 5.0;
				TARGETED_DEVICE_FAMILY = "1,2";
			};
			name = Release;
		};
/* End XCBuildConfiguration section */

/* Begin XCConfigurationList section */
		E455FBF72668CCF100759D66 /* Build configuration list for PBXProject "MemorizeDemo" */ = {
			isa = XCConfigurationList;
			buildConfigurations = (
				E455FC0E2668CCF700759D66 /* Debug */,
				E455FC0F2668CCF700759D66 /* Release */,
			);
			defaultConfigurationIsVisible = 0;
			defaultConfigurationName = Release;
		};
		E455FC102668CCF700759D66 /* Build configuration list for PBXNativeTarget "MemorizeDemo" */ = {
			isa = XCConfigurationList;
			buildConfigurations = (
				E455FC112668CCF700759D66 /* Debug */,
				E455FC122668CCF700759D66 /* Release */,
			);
			defaultConfigurationIsVisible = 0;
			defaultConfigurationName = Release;
		};
/* End XCConfigurationList section */
	};
	rootObject = E455FBF42668CCF100759D66 /* Project object */;
}
